
Microsoft Visual Studio Solution File, Format Version 12.00
# Visual Studio Version 16
VisualStudioVersion = 16.0.32228.343
MinimumVisualStudioVersion = 10.0.40219.1
Project("{9A19103F-16F7-4668-BE54-9A1E7A4F7556}") = "Overcooked3", "Overcooked3\Overcooked3.csproj", "{4FCAE260-3DBF-455B-BD86-2C6AD44AFBFE}"
EndProject
Global
	GlobalSection(SolutionConfigurationPlatforms) = preSolution
		Debug|Any CPU = Debug|Any CPU
		Release|Any CPU = Release|Any CPU
	EndGlobalSection
	GlobalSection(ProjectConfigurationPlatforms) = postSolution
		{4FCAE260-3DBF-455B-BD86-2C6AD44AFBFE}.Debug|Any CPU.ActiveCfg = Debug|Any CPU
		{4FCAE260-3DBF-455B-BD86-2C6AD44AFBFE}.Debug|Any CPU.Build.0 = Debug|Any CPU
		{4FCAE260-3DBF-455B-BD86-2C6AD44AFBFE}.Release|Any CPU.ActiveCfg = Release|Any CPU
		{4FCAE260-3DBF-455B-BD86-2C6AD44AFBFE}.Release|Any CPU.Build.0 = Release|Any CPU
	EndGlobalSection
	GlobalSection(SolutionProperties) = preSolution
		HideSolutionNode = FALSE
	EndGlobalSection
	GlobalSection(ExtensibilityGlobals) = postSolution
		SolutionGuid = {431FD3CB-0B40-443D-AD12-B4701C61E814}
	EndGlobalSection
EndGlobal
